
Microsoft Visual Studio Solution File, Format Version 12.00
# Visual Studio 15
VisualStudioVersion = 15.0.27406.0
MinimumVisualStudioVersion = 10.0.40219.1
Project("{9A19103F-16F7-4668-BE54-9A1E7A4F7556}") = "ECommerce.Data.NoSql", "ECommerce.Data.NoSql\ECommerce.Data.NoSql.csproj", "{6B5F41EF-0E5D-4C63-9FD4-6CFE62AA5328}"
EndProject
Project("{9A19103F-16F7-4668-BE54-9A1E7A4F7556}") = "ECommerce.Data.RavenDbProvider", "ECommerce.Data.RavenDbProvider\ECommerce.Data.RavenDbProvider.csproj", "{C883B344-262F-466F-AD99-D2C5EAEB024B}"
EndProject
Project("{9A19103F-16F7-4668-BE54-9A1E7A4F7556}") = "ECommerce.Data.RedisProvider", "ECommerce.Data.RedisProvider\ECommerce.Data.RedisProvider.csproj", "{F21C5D61-02E6-4281-B209-C3B2DAE21075}"
EndProject
Project("{9A19103F-16F7-4668-BE54-9A1E7A4F7556}") = "ECommerce.Core", "ECommerce.Core\ECommerce.Core.csproj", "{EAC8AA6E-EEF4-449B-96E0-027969031179}"
EndProject
Project("{9A19103F-16F7-4668-BE54-9A1E7A4F7556}") = "Ecommerce.Data.Http", "Ecommerce.Data.Http\Ecommerce.Data.Http.csproj", "{D2482B98-EB63-4BAE-98EB-756DA20136D0}"
EndProject
Project("{9A19103F-16F7-4668-BE54-9A1E7A4F7556}") = "Ecommerce.Data.RepositoryStore", "Ecommerce.Data.RepositoryStore\Ecommerce.Data.RepositoryStore.csproj", "{12A2C3D8-2EE2-4D43-B30E-7359654DA91E}"
EndProject
Project("{9A19103F-16F7-4668-BE54-9A1E7A4F7556}") = "ECommerce.Data.Tests", "ECommerce.Data.Tests\ECommerce.Data.Tests.csproj", "{4C9B2ADF-9F3C-4962-9EFA-3C15615668E4}"
EndProject
Project("{9A19103F-16F7-4668-BE54-9A1E7A4F7556}") = "ECommerce.Data.EntityFramework", "ECommerce.Data.EntityFramework\ECommerce.Data.EntityFramework.csproj", "{F21BCC25-E144-4A4D-99DA-36E373562B05}"
EndProject
Project("{9A19103F-16F7-4668-BE54-9A1E7A4F7556}") = "ECommerce.Data.FileStore", "ECommerce.Data.FileStore\ECommerce.Data.FileStore.csproj", "{98A56A67-7845-4823-ACB7-037DB1B2735B}"
EndProject
Project("{FAE04EC0-301F-11D3-BF4B-00C04F79EFBC}") = "ECommerce.Data.EntityFramework.InMemory", "ECommerce.Data.EntityFramework.InMemory\ECommerce.Data.EntityFramework.InMemory.csproj", "{3357C4CB-742E-4270-BF81-40423B1D92D6}"
EndProject
Project("{2150E333-8FDC-42A3-9474-1A3956D46DE8}") = "EntityFramework", "EntityFramework", "{07C2DA93-B195-4F01-B1DE-EAF125DDFCC4}"
EndProject
Project("{2150E333-8FDC-42A3-9474-1A3956D46DE8}") = "NoSql", "NoSql", "{5E046A14-093E-4863-868A-4075A70F3F3D}"
EndProject
Project("{2150E333-8FDC-42A3-9474-1A3956D46DE8}") = "Core", "Core", "{087CCFEF-EEC0-43B1-9D30-9CE3FCD1AA4F}"
EndProject
Project("{2150E333-8FDC-42A3-9474-1A3956D46DE8}") = "Others", "Others", "{E8276DA8-356E-4631-AA96-9C0EF49BC428}"
EndProject
Project("{2150E333-8FDC-42A3-9474-1A3956D46DE8}") = "Sources", "Sources", "{44355B0E-1DFB-443D-BD55-B1B334991C6F}"
EndProject
Project("{2150E333-8FDC-42A3-9474-1A3956D46DE8}") = "Test", "Test", "{FFD5F629-00C9-4D9C-B9DE-5C4BDFDA824D}"
EndProject
Project("{FAE04EC0-301F-11D3-BF4B-00C04F79EFBC}") = "ECommerce.Data.EntityFramework.SqlServer", "ECommerce.Data.EntityFramework.SqlServer\ECommerce.Data.EntityFramework.SqlServer.csproj", "{FADC9301-8C0E-4A80-953B-1BD43A7C498D}"
EndProject
Project("{FAE04EC0-301F-11D3-BF4B-00C04F79EFBC}") = "ECommerce.Data.EntityFramework.SqlLite", "ECommerce.Data.EntityFramework.SqlLite\ECommerce.Data.EntityFramework.SqlLite.csproj", "{5E88DB0C-A1E9-416B-B7C7-8893B49D2C58}"
EndProject
Project("{FAE04EC0-301F-11D3-BF4B-00C04F79EFBC}") = "ECommerce.Data.DocumentDbProvider", "ECommerce.Data.DocumentDbProvider\ECommerce.Data.DocumentDbProvider.csproj", "{724A3F7B-7F46-412C-B7AD-7C3ECA15E0B4}"
EndProject
Project("{FAE04EC0-301F-11D3-BF4B-00C04F79EFBC}") = "ECommerce.Data.MongoDbProvider", "ECommerce.Data.MongoDbProvider\ECommerce.Data.MongoDbProvider.csproj", "{3BE7D61D-DBDF-4ACD-A90B-765D50AA8F65}"
EndProject
Global
	GlobalSection(SolutionConfigurationPlatforms) = preSolution
		Debug|Any CPU = Debug|Any CPU
		Release|Any CPU = Release|Any CPU
	EndGlobalSection
	GlobalSection(ProjectConfigurationPlatforms) = postSolution
		{6B5F41EF-0E5D-4C63-9FD4-6CFE62AA5328}.Debug|Any CPU.ActiveCfg = Debug|Any CPU
		{6B5F41EF-0E5D-4C63-9FD4-6CFE62AA5328}.Debug|Any CPU.Build.0 = Debug|Any CPU
		{6B5F41EF-0E5D-4C63-9FD4-6CFE62AA5328}.Release|Any CPU.ActiveCfg = Release|Any CPU
		{6B5F41EF-0E5D-4C63-9FD4-6CFE62AA5328}.Release|Any CPU.Build.0 = Release|Any CPU
		{C883B344-262F-466F-AD99-D2C5EAEB024B}.Debug|Any CPU.ActiveCfg = Debug|Any CPU
		{C883B344-262F-466F-AD99-D2C5EAEB024B}.Debug|Any CPU.Build.0 = Debug|Any CPU
		{C883B344-262F-466F-AD99-D2C5EAEB024B}.Release|Any CPU.ActiveCfg = Release|Any CPU
		{C883B344-262F-466F-AD99-D2C5EAEB024B}.Release|Any CPU.Build.0 = Release|Any CPU
		{F21C5D61-02E6-4281-B209-C3B2DAE21075}.Debug|Any CPU.ActiveCfg = Debug|Any CPU
		{F21C5D61-02E6-4281-B209-C3B2DAE21075}.Debug|Any CPU.Build.0 = Debug|Any CPU
		{F21C5D61-02E6-4281-B209-C3B2DAE21075}.Release|Any CPU.ActiveCfg = Release|Any CPU
		{F21C5D61-02E6-4281-B209-C3B2DAE21075}.Release|Any CPU.Build.0 = Release|Any CPU
		{EAC8AA6E-EEF4-449B-96E0-027969031179}.Debug|Any CPU.ActiveCfg = Debug|Any CPU
		{EAC8AA6E-EEF4-449B-96E0-027969031179}.Debug|Any CPU.Build.0 = Debug|Any CPU
		{EAC8AA6E-EEF4-449B-96E0-027969031179}.Release|Any CPU.ActiveCfg = Release|Any CPU
		{EAC8AA6E-EEF4-449B-96E0-027969031179}.Release|Any CPU.Build.0 = Release|Any CPU
		{D2482B98-EB63-4BAE-98EB-756DA20136D0}.Debug|Any CPU.ActiveCfg = Debug|Any CPU
		{D2482B98-EB63-4BAE-98EB-756DA20136D0}.Debug|Any CPU.Build.0 = Debug|Any CPU
		{D2482B98-EB63-4BAE-98EB-756DA20136D0}.Release|Any CPU.ActiveCfg = Release|Any CPU
		{D2482B98-EB63-4BAE-98EB-756DA20136D0}.Release|Any CPU.Build.0 = Release|Any CPU
		{12A2C3D8-2EE2-4D43-B30E-7359654DA91E}.Debug|Any CPU.ActiveCfg = Debug|Any CPU
		{12A2C3D8-2EE2-4D43-B30E-7359654DA91E}.Debug|Any CPU.Build.0 = Debug|Any CPU
		{12A2C3D8-2EE2-4D43-B30E-7359654DA91E}.Release|Any CPU.ActiveCfg = Release|Any CPU
		{12A2C3D8-2EE2-4D43-B30E-7359654DA91E}.Release|Any CPU.Build.0 = Release|Any CPU
		{4C9B2ADF-9F3C-4962-9EFA-3C15615668E4}.Debug|Any CPU.ActiveCfg = Debug|Any CPU
		{4C9B2ADF-9F3C-4962-9EFA-3C15615668E4}.Debug|Any CPU.Build.0 = Debug|Any CPU
		{4C9B2ADF-9F3C-4962-9EFA-3C15615668E4}.Release|Any CPU.ActiveCfg = Release|Any CPU
		{4C9B2ADF-9F3C-4962-9EFA-3C15615668E4}.Release|Any CPU.Build.0 = Release|Any CPU
		{F21BCC25-E144-4A4D-99DA-36E373562B05}.Debug|Any CPU.ActiveCfg = Debug|Any CPU
		{F21BCC25-E144-4A4D-99DA-36E373562B05}.Debug|Any CPU.Build.0 = Debug|Any CPU
		{F21BCC25-E144-4A4D-99DA-36E373562B05}.Release|Any CPU.ActiveCfg = Release|Any CPU
		{F21BCC25-E144-4A4D-99DA-36E373562B05}.Release|Any CPU.Build.0 = Release|Any CPU
		{98A56A67-7845-4823-ACB7-037DB1B2735B}.Debug|Any CPU.ActiveCfg = Debug|Any CPU
		{98A56A67-7845-4823-ACB7-037DB1B2735B}.Debug|Any CPU.Build.0 = Debug|Any CPU
		{98A56A67-7845-4823-ACB7-037DB1B2735B}.Release|Any CPU.ActiveCfg = Release|Any CPU
		{98A56A67-7845-4823-ACB7-037DB1B2735B}.Release|Any CPU.Build.0 = Release|Any CPU
		{3357C4CB-742E-4270-BF81-40423B1D92D6}.Debug|Any CPU.ActiveCfg = Debug|Any CPU
		{3357C4CB-742E-4270-BF81-40423B1D92D6}.Debug|Any CPU.Build.0 = Debug|Any CPU
		{3357C4CB-742E-4270-BF81-40423B1D92D6}.Release|Any CPU.ActiveCfg = Release|Any CPU
		{3357C4CB-742E-4270-BF81-40423B1D92D6}.Release|Any CPU.Build.0 = Release|Any CPU
		{FADC9301-8C0E-4A80-953B-1BD43A7C498D}.Debug|Any CPU.ActiveCfg = Debug|Any CPU
		{FADC9301-8C0E-4A80-953B-1BD43A7C498D}.Debug|Any CPU.Build.0 = Debug|Any CPU
		{FADC9301-8C0E-4A80-953B-1BD43A7C498D}.Release|Any CPU.ActiveCfg = Release|Any CPU
		{FADC9301-8C0E-4A80-953B-1BD43A7C498D}.Release|Any CPU.Build.0 = Release|Any CPU
		{5E88DB0C-A1E9-416B-B7C7-8893B49D2C58}.Debug|Any CPU.ActiveCfg = Debug|Any CPU
		{5E88DB0C-A1E9-416B-B7C7-8893B49D2C58}.Debug|Any CPU.Build.0 = Debug|Any CPU
		{5E88DB0C-A1E9-416B-B7C7-8893B49D2C58}.Release|Any CPU.ActiveCfg = Release|Any CPU
		{5E88DB0C-A1E9-416B-B7C7-8893B49D2C58}.Release|Any CPU.Build.0 = Release|Any CPU
		{724A3F7B-7F46-412C-B7AD-7C3ECA15E0B4}.Debug|Any CPU.ActiveCfg = Debug|Any CPU
		{724A3F7B-7F46-412C-B7AD-7C3ECA15E0B4}.Debug|Any CPU.Build.0 = Debug|Any CPU
		{724A3F7B-7F46-412C-B7AD-7C3ECA15E0B4}.Release|Any CPU.ActiveCfg = Release|Any CPU
		{724A3F7B-7F46-412C-B7AD-7C3ECA15E0B4}.Release|Any CPU.Build.0 = Release|Any CPU
		{3BE7D61D-DBDF-4ACD-A90B-765D50AA8F65}.Debug|Any CPU.ActiveCfg = Debug|Any CPU
		{3BE7D61D-DBDF-4ACD-A90B-765D50AA8F65}.Debug|Any CPU.Build.0 = Debug|Any CPU
		{3BE7D61D-DBDF-4ACD-A90B-765D50AA8F65}.Release|Any CPU.ActiveCfg = Release|Any CPU
		{3BE7D61D-DBDF-4ACD-A90B-765D50AA8F65}.Release|Any CPU.Build.0 = Release|Any CPU
	EndGlobalSection
	GlobalSection(SolutionProperties) = preSolution
		HideSolutionNode = FALSE
	EndGlobalSection
	GlobalSection(NestedProjects) = preSolution
		{6B5F41EF-0E5D-4C63-9FD4-6CFE62AA5328} = {5E046A14-093E-4863-868A-4075A70F3F3D}
		{C883B344-262F-466F-AD99-D2C5EAEB024B} = {5E046A14-093E-4863-868A-4075A70F3F3D}
		{F21C5D61-02E6-4281-B209-C3B2DAE21075} = {5E046A14-093E-4863-868A-4075A70F3F3D}
		{EAC8AA6E-EEF4-449B-96E0-027969031179} = {087CCFEF-EEC0-43B1-9D30-9CE3FCD1AA4F}
		{D2482B98-EB63-4BAE-98EB-756DA20136D0} = {E8276DA8-356E-4631-AA96-9C0EF49BC428}
		{12A2C3D8-2EE2-4D43-B30E-7359654DA91E} = {087CCFEF-EEC0-43B1-9D30-9CE3FCD1AA4F}
		{4C9B2ADF-9F3C-4962-9EFA-3C15615668E4} = {FFD5F629-00C9-4D9C-B9DE-5C4BDFDA824D}
		{F21BCC25-E144-4A4D-99DA-36E373562B05} = {07C2DA93-B195-4F01-B1DE-EAF125DDFCC4}
		{98A56A67-7845-4823-ACB7-037DB1B2735B} = {E8276DA8-356E-4631-AA96-9C0EF49BC428}
		{3357C4CB-742E-4270-BF81-40423B1D92D6} = {07C2DA93-B195-4F01-B1DE-EAF125DDFCC4}
		{07C2DA93-B195-4F01-B1DE-EAF125DDFCC4} = {44355B0E-1DFB-443D-BD55-B1B334991C6F}
		{5E046A14-093E-4863-868A-4075A70F3F3D} = {44355B0E-1DFB-443D-BD55-B1B334991C6F}
		{087CCFEF-EEC0-43B1-9D30-9CE3FCD1AA4F} = {44355B0E-1DFB-443D-BD55-B1B334991C6F}
		{E8276DA8-356E-4631-AA96-9C0EF49BC428} = {44355B0E-1DFB-443D-BD55-B1B334991C6F}
		{FADC9301-8C0E-4A80-953B-1BD43A7C498D} = {07C2DA93-B195-4F01-B1DE-EAF125DDFCC4}
		{5E88DB0C-A1E9-416B-B7C7-8893B49D2C58} = {07C2DA93-B195-4F01-B1DE-EAF125DDFCC4}
		{724A3F7B-7F46-412C-B7AD-7C3ECA15E0B4} = {5E046A14-093E-4863-868A-4075A70F3F3D}
		{3BE7D61D-DBDF-4ACD-A90B-765D50AA8F65} = {5E046A14-093E-4863-868A-4075A70F3F3D}
	EndGlobalSection
	GlobalSection(ExtensibilityGlobals) = postSolution
		SolutionGuid = {3B0ED970-5DCF-48DE-A307-DF478A8E91F3}
	EndGlobalSection
EndGlobal
